
Microsoft Visual Studio Solution File, Format Version 12.00
Project("{FAE04EC0-301F-11D3-BF4B-00C04F79EFBC}") = "csv-handler", "csv-handler\csv-handler.csproj", "{0165E20B-8779-468B-9122-487FD7E43664}"
EndProject
Global
	GlobalSection(SolutionConfigurationPlatforms) = preSolution
		Debug|Any CPU = Debug|Any CPU
		Release|Any CPU = Release|Any CPU
	EndGlobalSection
	GlobalSection(ProjectConfigurationPlatforms) = postSolution
		{0165E20B-8779-468B-9122-487FD7E43664}.Debug|Any CPU.ActiveCfg = Debug|Any CPU
		{0165E20B-8779-468B-9122-487FD7E43664}.Debug|Any CPU.Build.0 = Debug|Any CPU
		{0165E20B-8779-468B-9122-487FD7E43664}.Release|Any CPU.ActiveCfg = Release|Any CPU
		{0165E20B-8779-468B-9122-487FD7E43664}.Release|Any CPU.Build.0 = Release|Any CPU
	EndGlobalSection
EndGlobal
